
Microsoft Visual Studio Solution File, Format Version 12.00
# Visual Studio 15
VisualStudioVersion = 15.0.28307.329
MinimumVisualStudioVersion = 10.0.40219.1
Project("{2150E333-8FDC-42A3-9474-1A3956D46DE8}") = "Services", "Services", "{90F134C3-D2B4-4E26-BB50-BD06F2BD5E74}"
EndProject
Project("{2150E333-8FDC-42A3-9474-1A3956D46DE8}") = "Account", "Account", "{63CD8AAD-8D0F-42DE-9A38-71B3684AE31B}"
EndProject
Project("{2150E333-8FDC-42A3-9474-1A3956D46DE8}") = "Bank", "Bank", "{229E5DE5-7B79-4B7E-AD79-23FF61C87124}"
EndProject
Project("{FAE04EC0-301F-11D3-BF4B-00C04F79EFBC}") = "Account.Api", "Account.Api\Account.Api.csproj", "{680F264B-06E6-45C9-9DE0-B1DEDBB98C90}"
EndProject
Project("{FAE04EC0-301F-11D3-BF4B-00C04F79EFBC}") = "Account.Domain", "Account.Domain\Account.Domain.csproj", "{F381127F-BD24-41E9-A7D3-CB7DC5D3BCC3}"
EndProject
Project("{FAE04EC0-301F-11D3-BF4B-00C04F79EFBC}") = "Account.Infraestructure", "Account.Infraestructure\Account.Infraestructure.csproj", "{5EEB51DD-2B4F-4435-A382-4FD743DE904C}"
EndProject
Project("{FAE04EC0-301F-11D3-BF4B-00C04F79EFBC}") = "Account.Business", "Account.Business\Account.Business.csproj", "{8D359032-07E5-4CF5-8809-2E3BA990B11F}"
EndProject
Project("{FAE04EC0-301F-11D3-BF4B-00C04F79EFBC}") = "Bank.Api", "Bank.Api\Bank.Api.csproj", "{7C40E4BF-F1C8-417C-B315-0BB2F463CC7D}"
EndProject
Project("{FAE04EC0-301F-11D3-BF4B-00C04F79EFBC}") = "Bank.Business", "Bank.Business\Bank.Business.csproj", "{BEF1DB0C-8905-4F7B-93B9-DDFC29CE4534}"
EndProject
Project("{FAE04EC0-301F-11D3-BF4B-00C04F79EFBC}") = "Bank.Domain", "Bank.Domain\Bank.Domain.csproj", "{B6D80F30-3151-4CA4-914F-B702A4CECC11}"
EndProject
Project("{FAE04EC0-301F-11D3-BF4B-00C04F79EFBC}") = "Bank.Infraestructure", "Bank.Infraestructure\Bank.Infraestructure.csproj", "{3D07B1B4-44BC-4180-9203-F9B6897723CC}"
EndProject
Project("{FAE04EC0-301F-11D3-BF4B-00C04F79EFBC}") = "Bank.UnitTest", "Bank.UnitTest\Bank.UnitTest.csproj", "{B8CBB0E0-A961-4753-A97A-959273996ACA}"
EndProject
Project("{FAE04EC0-301F-11D3-BF4B-00C04F79EFBC}") = "Account.UnitTest", "Account.UnitTest\Account.UnitTest.csproj", "{6FDFDCC1-4C83-4D14-999B-5931B60F668D}"
EndProject
Global
	GlobalSection(SolutionConfigurationPlatforms) = preSolution
		Debug|Any CPU = Debug|Any CPU
		Release|Any CPU = Release|Any CPU
	EndGlobalSection
	GlobalSection(ProjectConfigurationPlatforms) = postSolution
		{680F264B-06E6-45C9-9DE0-B1DEDBB98C90}.Debug|Any CPU.ActiveCfg = Debug|Any CPU
		{680F264B-06E6-45C9-9DE0-B1DEDBB98C90}.Debug|Any CPU.Build.0 = Debug|Any CPU
		{680F264B-06E6-45C9-9DE0-B1DEDBB98C90}.Release|Any CPU.ActiveCfg = Release|Any CPU
		{680F264B-06E6-45C9-9DE0-B1DEDBB98C90}.Release|Any CPU.Build.0 = Release|Any CPU
		{F381127F-BD24-41E9-A7D3-CB7DC5D3BCC3}.Debug|Any CPU.ActiveCfg = Debug|Any CPU
		{F381127F-BD24-41E9-A7D3-CB7DC5D3BCC3}.Debug|Any CPU.Build.0 = Debug|Any CPU
		{F381127F-BD24-41E9-A7D3-CB7DC5D3BCC3}.Release|Any CPU.ActiveCfg = Release|Any CPU
		{F381127F-BD24-41E9-A7D3-CB7DC5D3BCC3}.Release|Any CPU.Build.0 = Release|Any CPU
		{5EEB51DD-2B4F-4435-A382-4FD743DE904C}.Debug|Any CPU.ActiveCfg = Debug|Any CPU
		{5EEB51DD-2B4F-4435-A382-4FD743DE904C}.Debug|Any CPU.Build.0 = Debug|Any CPU
		{5EEB51DD-2B4F-4435-A382-4FD743DE904C}.Release|Any CPU.ActiveCfg = Release|Any CPU
		{5EEB51DD-2B4F-4435-A382-4FD743DE904C}.Release|Any CPU.Build.0 = Release|Any CPU
		{8D359032-07E5-4CF5-8809-2E3BA990B11F}.Debug|Any CPU.ActiveCfg = Debug|Any CPU
		{8D359032-07E5-4CF5-8809-2E3BA990B11F}.Debug|Any CPU.Build.0 = Debug|Any CPU
		{8D359032-07E5-4CF5-8809-2E3BA990B11F}.Release|Any CPU.ActiveCfg = Release|Any CPU
		{8D359032-07E5-4CF5-8809-2E3BA990B11F}.Release|Any CPU.Build.0 = Release|Any CPU
		{7C40E4BF-F1C8-417C-B315-0BB2F463CC7D}.Debug|Any CPU.ActiveCfg = Debug|Any CPU
		{7C40E4BF-F1C8-417C-B315-0BB2F463CC7D}.Debug|Any CPU.Build.0 = Debug|Any CPU
		{7C40E4BF-F1C8-417C-B315-0BB2F463CC7D}.Release|Any CPU.ActiveCfg = Release|Any CPU
		{7C40E4BF-F1C8-417C-B315-0BB2F463CC7D}.Release|Any CPU.Build.0 = Release|Any CPU
		{BEF1DB0C-8905-4F7B-93B9-DDFC29CE4534}.Debug|Any CPU.ActiveCfg = Debug|Any CPU
		{BEF1DB0C-8905-4F7B-93B9-DDFC29CE4534}.Debug|Any CPU.Build.0 = Debug|Any CPU
		{BEF1DB0C-8905-4F7B-93B9-DDFC29CE4534}.Release|Any CPU.ActiveCfg = Release|Any CPU
		{BEF1DB0C-8905-4F7B-93B9-DDFC29CE4534}.Release|Any CPU.Build.0 = Release|Any CPU
		{B6D80F30-3151-4CA4-914F-B702A4CECC11}.Debug|Any CPU.ActiveCfg = Debug|Any CPU
		{B6D80F30-3151-4CA4-914F-B702A4CECC11}.Debug|Any CPU.Build.0 = Debug|Any CPU
		{B6D80F30-3151-4CA4-914F-B702A4CECC11}.Release|Any CPU.ActiveCfg = Release|Any CPU
		{B6D80F30-3151-4CA4-914F-B702A4CECC11}.Release|Any CPU.Build.0 = Release|Any CPU
		{3D07B1B4-44BC-4180-9203-F9B6897723CC}.Debug|Any CPU.ActiveCfg = Debug|Any CPU
		{3D07B1B4-44BC-4180-9203-F9B6897723CC}.Debug|Any CPU.Build.0 = Debug|Any CPU
		{3D07B1B4-44BC-4180-9203-F9B6897723CC}.Release|Any CPU.ActiveCfg = Release|Any CPU
		{3D07B1B4-44BC-4180-9203-F9B6897723CC}.Release|Any CPU.Build.0 = Release|Any CPU
		{B8CBB0E0-A961-4753-A97A-959273996ACA}.Debug|Any CPU.ActiveCfg = Debug|Any CPU
		{B8CBB0E0-A961-4753-A97A-959273996ACA}.Debug|Any CPU.Build.0 = Debug|Any CPU
		{B8CBB0E0-A961-4753-A97A-959273996ACA}.Release|Any CPU.ActiveCfg = Release|Any CPU
		{B8CBB0E0-A961-4753-A97A-959273996ACA}.Release|Any CPU.Build.0 = Release|Any CPU
		{6FDFDCC1-4C83-4D14-999B-5931B60F668D}.Debug|Any CPU.ActiveCfg = Debug|Any CPU
		{6FDFDCC1-4C83-4D14-999B-5931B60F668D}.Debug|Any CPU.Build.0 = Debug|Any CPU
		{6FDFDCC1-4C83-4D14-999B-5931B60F668D}.Release|Any CPU.ActiveCfg = Release|Any CPU
		{6FDFDCC1-4C83-4D14-999B-5931B60F668D}.Release|Any CPU.Build.0 = Release|Any CPU
	EndGlobalSection
	GlobalSection(SolutionProperties) = preSolution
		HideSolutionNode = FALSE
	EndGlobalSection
	GlobalSection(NestedProjects) = preSolution
		{63CD8AAD-8D0F-42DE-9A38-71B3684AE31B} = {90F134C3-D2B4-4E26-BB50-BD06F2BD5E74}
		{229E5DE5-7B79-4B7E-AD79-23FF61C87124} = {90F134C3-D2B4-4E26-BB50-BD06F2BD5E74}
		{680F264B-06E6-45C9-9DE0-B1DEDBB98C90} = {63CD8AAD-8D0F-42DE-9A38-71B3684AE31B}
		{F381127F-BD24-41E9-A7D3-CB7DC5D3BCC3} = {63CD8AAD-8D0F-42DE-9A38-71B3684AE31B}
		{5EEB51DD-2B4F-4435-A382-4FD743DE904C} = {63CD8AAD-8D0F-42DE-9A38-71B3684AE31B}
		{8D359032-07E5-4CF5-8809-2E3BA990B11F} = {63CD8AAD-8D0F-42DE-9A38-71B3684AE31B}
		{7C40E4BF-F1C8-417C-B315-0BB2F463CC7D} = {229E5DE5-7B79-4B7E-AD79-23FF61C87124}
		{BEF1DB0C-8905-4F7B-93B9-DDFC29CE4534} = {229E5DE5-7B79-4B7E-AD79-23FF61C87124}
		{B6D80F30-3151-4CA4-914F-B702A4CECC11} = {229E5DE5-7B79-4B7E-AD79-23FF61C87124}
		{3D07B1B4-44BC-4180-9203-F9B6897723CC} = {229E5DE5-7B79-4B7E-AD79-23FF61C87124}
		{B8CBB0E0-A961-4753-A97A-959273996ACA} = {229E5DE5-7B79-4B7E-AD79-23FF61C87124}
		{6FDFDCC1-4C83-4D14-999B-5931B60F668D} = {63CD8AAD-8D0F-42DE-9A38-71B3684AE31B}
	EndGlobalSection
	GlobalSection(ExtensibilityGlobals) = postSolution
		SolutionGuid = {22D451E3-8F7A-43CD-AA1A-188EAF69030A}
	EndGlobalSection
EndGlobal
